
Microsoft Visual Studio Solution File, Format Version 12.00
# Visual Studio Version 16
VisualStudioVersion = 16.0.31424.327
MinimumVisualStudioVersion = 10.0.40219.1
Project("{FAE04EC0-301F-11D3-BF4B-00C04F79EFBC}") = "AdInMoTechTest", "AdInMoTechTest.csproj", "{04AF5A99-A248-43AC-BC09-93B932A587D9}"
EndProject
Global
	GlobalSection(SolutionConfigurationPlatforms) = preSolution
		Debug|Any CPU = Debug|Any CPU
		Release|Any CPU = Release|Any CPU
	EndGlobalSection
	GlobalSection(ProjectConfigurationPlatforms) = postSolution
		{04AF5A99-A248-43AC-BC09-93B932A587D9}.Debug|Any CPU.ActiveCfg = Debug|Any CPU
		{04AF5A99-A248-43AC-BC09-93B932A587D9}.Debug|Any CPU.Build.0 = Debug|Any CPU
		{04AF5A99-A248-43AC-BC09-93B932A587D9}.Release|Any CPU.ActiveCfg = Release|Any CPU
		{04AF5A99-A248-43AC-BC09-93B932A587D9}.Release|Any CPU.Build.0 = Release|Any CPU
	EndGlobalSection
	GlobalSection(SolutionProperties) = preSolution
		HideSolutionNode = FALSE
	EndGlobalSection
	GlobalSection(ExtensibilityGlobals) = postSolution
		SolutionGuid = {9BBA8F21-6782-4C6C-BFB3-9E29DE18A8B4}
	EndGlobalSection
EndGlobal
